
Microsoft Visual Studio Solution File, Format Version 12.00
# Visual Studio Version 16
VisualStudioVersion = 16.0.34031.81
MinimumVisualStudioVersion = 10.0.40219.1
Project("{8BC9CEB8-8B4A-11D0-8D11-00A0C91BC942}") = "Project2", "Project2.vcxproj", "{4C10867E-B26E-4FF4-96D1-477CFB1549A4}"
EndProject
Global
	GlobalSection(SolutionConfigurationPlatforms) = preSolution
		Debug|x64 = Debug|x64
		Debug|x86 = Debug|x86
		Release|x64 = Release|x64
		Release|x86 = Release|x86
	EndGlobalSection
	GlobalSection(ProjectConfigurationPlatforms) = postSolution
		{4C10867E-B26E-4FF4-96D1-477CFB1549A4}.Debug|x64.ActiveCfg = Debug|x64
		{4C10867E-B26E-4FF4-96D1-477CFB1549A4}.Debug|x64.Build.0 = Debug|x64
		{4C10867E-B26E-4FF4-96D1-477CFB1549A4}.Debug|x86.ActiveCfg = Debug|Win32
		{4C10867E-B26E-4FF4-96D1-477CFB1549A4}.Debug|x86.Build.0 = Debug|Win32
		{4C10867E-B26E-4FF4-96D1-477CFB1549A4}.Release|x64.ActiveCfg = Release|x64
		{4C10867E-B26E-4FF4-96D1-477CFB1549A4}.Release|x64.Build.0 = Release|x64
		{4C10867E-B26E-4FF4-96D1-477CFB1549A4}.Release|x86.ActiveCfg = Release|Win32
		{4C10867E-B26E-4FF4-96D1-477CFB1549A4}.Release|x86.Build.0 = Release|Win32
	EndGlobalSection
	GlobalSection(SolutionProperties) = preSolution
		HideSolutionNode = FALSE
	EndGlobalSection
	GlobalSection(ExtensibilityGlobals) = postSolution
		SolutionGuid = {C9D82A1A-3C58-4E82-B054-FF81288C1FE9}
	EndGlobalSection
EndGlobal
